
Microsoft Visual Studio Solution File, Format Version 12.00
# Visual Studio 2013
VisualStudioVersion = 12.0.40629.0
MinimumVisualStudioVersion = 10.0.40219.1
Project("{FAE04EC0-301F-11D3-BF4B-00C04F79EFBC}") = "BrasaoHamburgueria.Web", "AngularForms\BrasaoHamburgueria.Web.csproj", "{F8246FB5-629A-4112-AEE2-EC63909680E3}"
EndProject
Project("{FAE04EC0-301F-11D3-BF4B-00C04F79EFBC}") = "ImpressaoBematech", "Impressao\ImpressaoBematech.csproj", "{31CB258E-BB7C-4E28-961E-B86810E5497C}"
EndProject
Project("{FAE04EC0-301F-11D3-BF4B-00C04F79EFBC}") = "Teste", "Teste\Teste.csproj", "{6B6B8AAD-2696-44B7-B60A-DE9619CD21C6}"
EndProject
Project("{FAE04EC0-301F-11D3-BF4B-00C04F79EFBC}") = "BrasaoHamburgueria.Model", "BrasaoHamburgueria.Model\BrasaoHamburgueria.Model.csproj", "{FCF4FDF4-CE09-4690-9078-2B4F335008B1}"
EndProject
Project("{FAE04EC0-301F-11D3-BF4B-00C04F79EFBC}") = "BrasaoHamburgueria.ServicosInternos", "BrasaoHamburgueria.ServicosInternos\BrasaoHamburgueria.ServicosInternos.csproj", "{CCFC2B69-0853-4CE4-AEE1-3EC1DF1AEC72}"
EndProject
Project("{FAE04EC0-301F-11D3-BF4B-00C04F79EFBC}") = "BrasaoHamburgueria.Helper", "BrasaoHamburgueria.Helper\BrasaoHamburgueria.Helper.csproj", "{349B8F94-7236-4B0C-BA43-CC7FC76698B5}"
EndProject
Project("{FAE04EC0-301F-11D3-BF4B-00C04F79EFBC}") = "BrasaoHamburgueria.TronSolutionData", "BrasaoHamburgueria.TronSolutionData\BrasaoHamburgueria.TronSolutionData.csproj", "{6CDD1572-29E4-4FCA-B1FD-9BC9D2603671}"
EndProject
Global
	GlobalSection(SolutionConfigurationPlatforms) = preSolution
		Debug|Any CPU = Debug|Any CPU
		Release|Any CPU = Release|Any CPU
	EndGlobalSection
	GlobalSection(ProjectConfigurationPlatforms) = postSolution
		{F8246FB5-629A-4112-AEE2-EC63909680E3}.Debug|Any CPU.ActiveCfg = Debug|Any CPU
		{F8246FB5-629A-4112-AEE2-EC63909680E3}.Debug|Any CPU.Build.0 = Debug|Any CPU
		{F8246FB5-629A-4112-AEE2-EC63909680E3}.Release|Any CPU.ActiveCfg = Release|Any CPU
		{F8246FB5-629A-4112-AEE2-EC63909680E3}.Release|Any CPU.Build.0 = Release|Any CPU
		{31CB258E-BB7C-4E28-961E-B86810E5497C}.Debug|Any CPU.ActiveCfg = Debug|Any CPU
		{31CB258E-BB7C-4E28-961E-B86810E5497C}.Debug|Any CPU.Build.0 = Debug|Any CPU
		{31CB258E-BB7C-4E28-961E-B86810E5497C}.Release|Any CPU.ActiveCfg = Release|Any CPU
		{31CB258E-BB7C-4E28-961E-B86810E5497C}.Release|Any CPU.Build.0 = Release|Any CPU
		{6B6B8AAD-2696-44B7-B60A-DE9619CD21C6}.Debug|Any CPU.ActiveCfg = Debug|Any CPU
		{6B6B8AAD-2696-44B7-B60A-DE9619CD21C6}.Debug|Any CPU.Build.0 = Debug|Any CPU
		{6B6B8AAD-2696-44B7-B60A-DE9619CD21C6}.Release|Any CPU.ActiveCfg = Release|Any CPU
		{6B6B8AAD-2696-44B7-B60A-DE9619CD21C6}.Release|Any CPU.Build.0 = Release|Any CPU
		{FCF4FDF4-CE09-4690-9078-2B4F335008B1}.Debug|Any CPU.ActiveCfg = Debug|Any CPU
		{FCF4FDF4-CE09-4690-9078-2B4F335008B1}.Debug|Any CPU.Build.0 = Debug|Any CPU
		{FCF4FDF4-CE09-4690-9078-2B4F335008B1}.Release|Any CPU.ActiveCfg = Release|Any CPU
		{FCF4FDF4-CE09-4690-9078-2B4F335008B1}.Release|Any CPU.Build.0 = Release|Any CPU
		{CCFC2B69-0853-4CE4-AEE1-3EC1DF1AEC72}.Debug|Any CPU.ActiveCfg = Debug|Any CPU
		{CCFC2B69-0853-4CE4-AEE1-3EC1DF1AEC72}.Debug|Any CPU.Build.0 = Debug|Any CPU
		{CCFC2B69-0853-4CE4-AEE1-3EC1DF1AEC72}.Release|Any CPU.ActiveCfg = Release|Any CPU
		{CCFC2B69-0853-4CE4-AEE1-3EC1DF1AEC72}.Release|Any CPU.Build.0 = Release|Any CPU
		{349B8F94-7236-4B0C-BA43-CC7FC76698B5}.Debug|Any CPU.ActiveCfg = Debug|Any CPU
		{349B8F94-7236-4B0C-BA43-CC7FC76698B5}.Debug|Any CPU.Build.0 = Debug|Any CPU
		{349B8F94-7236-4B0C-BA43-CC7FC76698B5}.Release|Any CPU.ActiveCfg = Release|Any CPU
		{349B8F94-7236-4B0C-BA43-CC7FC76698B5}.Release|Any CPU.Build.0 = Release|Any CPU
		{6CDD1572-29E4-4FCA-B1FD-9BC9D2603671}.Debug|Any CPU.ActiveCfg = Debug|Any CPU
		{6CDD1572-29E4-4FCA-B1FD-9BC9D2603671}.Debug|Any CPU.Build.0 = Debug|Any CPU
		{6CDD1572-29E4-4FCA-B1FD-9BC9D2603671}.Release|Any CPU.ActiveCfg = Release|Any CPU
		{6CDD1572-29E4-4FCA-B1FD-9BC9D2603671}.Release|Any CPU.Build.0 = Release|Any CPU
	EndGlobalSection
	GlobalSection(SolutionProperties) = preSolution
		HideSolutionNode = FALSE
	EndGlobalSection
EndGlobal
