
Microsoft Visual Studio Solution File, Format Version 12.00
# Visual Studio 15
VisualStudioVersion = 15.0.27428.2015
MinimumVisualStudioVersion = 10.0.40219.1
Project("{FAE04EC0-301F-11D3-BF4B-00C04F79EFBC}") = "BrasaoSolution.ImpressaoBematech", "Impressao\BrasaoSolution.ImpressaoBematech.csproj", "{31CB258E-BB7C-4E28-961E-B86810E5497C}"
EndProject
Project("{FAE04EC0-301F-11D3-BF4B-00C04F79EFBC}") = "BrasaoSolution.Helper", "BrasaoSolution.Helper\BrasaoSolution.Helper.csproj", "{349B8F94-7236-4B0C-BA43-CC7FC76698B5}"
EndProject
Project("{FAE04EC0-301F-11D3-BF4B-00C04F79EFBC}") = "BrasaoSolution.Model", "BrasaoSolution.Model\BrasaoSolution.Model.csproj", "{FCF4FDF4-CE09-4690-9078-2B4F335008B1}"
EndProject
Project("{FAE04EC0-301F-11D3-BF4B-00C04F79EFBC}") = "BrasaoSolution.TronSolutionData", "BrasaoSolution.TronSolutionData\BrasaoSolution.TronSolutionData.csproj", "{6CDD1572-29E4-4FCA-B1FD-9BC9D2603671}"
EndProject
Project("{FAE04EC0-301F-11D3-BF4B-00C04F79EFBC}") = "BrasaoSolution.Repository", "BrasaoSolution.Repository\BrasaoSolution.Repository.csproj", "{32A32C69-65C8-430D-8643-B31860862682}"
EndProject
Project("{FAE04EC0-301F-11D3-BF4B-00C04F79EFBC}") = "BrasaoSolution.ServicosInternos", "BrasaoSolution.ServicosInternos\BrasaoSolution.ServicosInternos.csproj", "{CCFC2B69-0853-4CE4-AEE1-3EC1DF1AEC72}"
EndProject
Project("{FAE04EC0-301F-11D3-BF4B-00C04F79EFBC}") = "BrasaoSolution.Web.Delivery", "BrasaoSolution.Web.Delivery\BrasaoSolution.Web.Delivery.csproj", "{F8246FB5-629A-4112-AEE2-EC63909680E3}"
EndProject
Project("{9A19103F-16F7-4668-BE54-9A1E7A4F7556}") = "BrasaoSolution.Web.Casa", "BrasaoSolution.Web.Casa\BrasaoSolution.Web.Casa.csproj", "{479A4741-022C-4012-9D0F-6D3F2FB1F427}"
EndProject
Project("{FAE04EC0-301F-11D3-BF4B-00C04F79EFBC}") = "BrasaoSolution.ViewModel", "BrasaoSolution.ViewModel\BrasaoSolution.ViewModel.csproj", "{128F6727-D951-475F-871E-12F4D9DE2E43}"
EndProject
Global
	GlobalSection(SolutionConfigurationPlatforms) = preSolution
		Debug|Any CPU = Debug|Any CPU
		Release|Any CPU = Release|Any CPU
	EndGlobalSection
	GlobalSection(ProjectConfigurationPlatforms) = postSolution
		{31CB258E-BB7C-4E28-961E-B86810E5497C}.Debug|Any CPU.ActiveCfg = Debug|Any CPU
		{31CB258E-BB7C-4E28-961E-B86810E5497C}.Debug|Any CPU.Build.0 = Debug|Any CPU
		{31CB258E-BB7C-4E28-961E-B86810E5497C}.Release|Any CPU.ActiveCfg = Release|Any CPU
		{31CB258E-BB7C-4E28-961E-B86810E5497C}.Release|Any CPU.Build.0 = Release|Any CPU
		{349B8F94-7236-4B0C-BA43-CC7FC76698B5}.Debug|Any CPU.ActiveCfg = Debug|Any CPU
		{349B8F94-7236-4B0C-BA43-CC7FC76698B5}.Debug|Any CPU.Build.0 = Debug|Any CPU
		{349B8F94-7236-4B0C-BA43-CC7FC76698B5}.Release|Any CPU.ActiveCfg = Release|Any CPU
		{349B8F94-7236-4B0C-BA43-CC7FC76698B5}.Release|Any CPU.Build.0 = Release|Any CPU
		{FCF4FDF4-CE09-4690-9078-2B4F335008B1}.Debug|Any CPU.ActiveCfg = Debug|Any CPU
		{FCF4FDF4-CE09-4690-9078-2B4F335008B1}.Debug|Any CPU.Build.0 = Debug|Any CPU
		{FCF4FDF4-CE09-4690-9078-2B4F335008B1}.Release|Any CPU.ActiveCfg = Release|Any CPU
		{FCF4FDF4-CE09-4690-9078-2B4F335008B1}.Release|Any CPU.Build.0 = Release|Any CPU
		{6CDD1572-29E4-4FCA-B1FD-9BC9D2603671}.Debug|Any CPU.ActiveCfg = Debug|Any CPU
		{6CDD1572-29E4-4FCA-B1FD-9BC9D2603671}.Debug|Any CPU.Build.0 = Debug|Any CPU
		{6CDD1572-29E4-4FCA-B1FD-9BC9D2603671}.Release|Any CPU.ActiveCfg = Release|Any CPU
		{6CDD1572-29E4-4FCA-B1FD-9BC9D2603671}.Release|Any CPU.Build.0 = Release|Any CPU
		{32A32C69-65C8-430D-8643-B31860862682}.Debug|Any CPU.ActiveCfg = Debug|Any CPU
		{32A32C69-65C8-430D-8643-B31860862682}.Debug|Any CPU.Build.0 = Debug|Any CPU
		{32A32C69-65C8-430D-8643-B31860862682}.Release|Any CPU.ActiveCfg = Release|Any CPU
		{32A32C69-65C8-430D-8643-B31860862682}.Release|Any CPU.Build.0 = Release|Any CPU
		{CCFC2B69-0853-4CE4-AEE1-3EC1DF1AEC72}.Debug|Any CPU.ActiveCfg = Debug|Any CPU
		{CCFC2B69-0853-4CE4-AEE1-3EC1DF1AEC72}.Debug|Any CPU.Build.0 = Debug|Any CPU
		{CCFC2B69-0853-4CE4-AEE1-3EC1DF1AEC72}.Release|Any CPU.ActiveCfg = Release|Any CPU
		{CCFC2B69-0853-4CE4-AEE1-3EC1DF1AEC72}.Release|Any CPU.Build.0 = Release|Any CPU
		{F8246FB5-629A-4112-AEE2-EC63909680E3}.Debug|Any CPU.ActiveCfg = Debug|Any CPU
		{F8246FB5-629A-4112-AEE2-EC63909680E3}.Debug|Any CPU.Build.0 = Debug|Any CPU
		{F8246FB5-629A-4112-AEE2-EC63909680E3}.Release|Any CPU.ActiveCfg = Release|Any CPU
		{F8246FB5-629A-4112-AEE2-EC63909680E3}.Release|Any CPU.Build.0 = Release|Any CPU
		{479A4741-022C-4012-9D0F-6D3F2FB1F427}.Debug|Any CPU.ActiveCfg = Debug|Any CPU
		{479A4741-022C-4012-9D0F-6D3F2FB1F427}.Debug|Any CPU.Build.0 = Debug|Any CPU
		{479A4741-022C-4012-9D0F-6D3F2FB1F427}.Release|Any CPU.ActiveCfg = Release|Any CPU
		{479A4741-022C-4012-9D0F-6D3F2FB1F427}.Release|Any CPU.Build.0 = Release|Any CPU
		{128F6727-D951-475F-871E-12F4D9DE2E43}.Debug|Any CPU.ActiveCfg = Debug|Any CPU
		{128F6727-D951-475F-871E-12F4D9DE2E43}.Debug|Any CPU.Build.0 = Debug|Any CPU
		{128F6727-D951-475F-871E-12F4D9DE2E43}.Release|Any CPU.ActiveCfg = Release|Any CPU
		{128F6727-D951-475F-871E-12F4D9DE2E43}.Release|Any CPU.Build.0 = Release|Any CPU
	EndGlobalSection
	GlobalSection(SolutionProperties) = preSolution
		HideSolutionNode = FALSE
	EndGlobalSection
	GlobalSection(ExtensibilityGlobals) = postSolution
		SolutionGuid = {466928AD-9C50-44E1-B3B2-F9B3211722CE}
	EndGlobalSection
EndGlobal
